
Microsoft Visual Studio Solution File, Format Version 12.00
# Visual Studio Version 16
VisualStudioVersion = 16.0.30309.148
MinimumVisualStudioVersion = 10.0.40219.1
Project("{9092AA53-FB77-4645-B42D-1CCCA6BD08BD}") = "VuejsApp1", "VuejsApp1\VuejsApp1.njsproj", "{0C18028F-10B9-44A6-9849-3834EEDE931B}"
EndProject
Global
	GlobalSection(SolutionConfigurationPlatforms) = preSolution
		Debug|Any CPU = Debug|Any CPU
		Release|Any CPU = Release|Any CPU
	EndGlobalSection
	GlobalSection(ProjectConfigurationPlatforms) = postSolution
		{0C18028F-10B9-44A6-9849-3834EEDE931B}.Debug|Any CPU.ActiveCfg = Debug|Any CPU
		{0C18028F-10B9-44A6-9849-3834EEDE931B}.Debug|Any CPU.Build.0 = Debug|Any CPU
		{0C18028F-10B9-44A6-9849-3834EEDE931B}.Release|Any CPU.ActiveCfg = Release|Any CPU
		{0C18028F-10B9-44A6-9849-3834EEDE931B}.Release|Any CPU.Build.0 = Release|Any CPU
	EndGlobalSection
	GlobalSection(SolutionProperties) = preSolution
		HideSolutionNode = FALSE
	EndGlobalSection
	GlobalSection(ExtensibilityGlobals) = postSolution
		SolutionGuid = {386A1921-D4B9-49D2-A28B-DFC618FDB054}
	EndGlobalSection
EndGlobal
